
Microsoft Visual Studio Solution File, Format Version 12.00
# Visual Studio Version 17
VisualStudioVersion = 17.1.32210.238
MinimumVisualStudioVersion = 10.0.40219.1
Project("{FAE04EC0-301F-11D3-BF4B-00C04F79EFBC}") = "SyntaxExercise", "SyntaxExercise\SyntaxExercise.csproj", "{A1DAD3C0-B36D-4FAD-95A1-424E9467E0B5}"
EndProject
Global
	GlobalSection(SolutionConfigurationPlatforms) = preSolution
		Debug|Any CPU = Debug|Any CPU
		Release|Any CPU = Release|Any CPU
	EndGlobalSection
	GlobalSection(ProjectConfigurationPlatforms) = postSolution
		{A1DAD3C0-B36D-4FAD-95A1-424E9467E0B5}.Debug|Any CPU.ActiveCfg = Debug|Any CPU
		{A1DAD3C0-B36D-4FAD-95A1-424E9467E0B5}.Debug|Any CPU.Build.0 = Debug|Any CPU
		{A1DAD3C0-B36D-4FAD-95A1-424E9467E0B5}.Release|Any CPU.ActiveCfg = Release|Any CPU
		{A1DAD3C0-B36D-4FAD-95A1-424E9467E0B5}.Release|Any CPU.Build.0 = Release|Any CPU
	EndGlobalSection
	GlobalSection(SolutionProperties) = preSolution
		HideSolutionNode = FALSE
	EndGlobalSection
	GlobalSection(ExtensibilityGlobals) = postSolution
		SolutionGuid = {E702805B-B0FD-471D-B287-964813FB6C45}
	EndGlobalSection
EndGlobal
